
Microsoft Visual Studio Solution File, Format Version 12.00
# Visual Studio Version 17
VisualStudioVersion = 17.7.34031.279
MinimumVisualStudioVersion = 10.0.40219.1
Project("{FAE04EC0-301F-11D3-BF4B-00C04F79EFBC}") = "GoldSchull", "GoldSchull.csproj", "{B4F2A931-61B5-4361-9A92-DA791070575E}"
EndProject
Project("{FAE04EC0-301F-11D3-BF4B-00C04F79EFBC}") = "DataAccessLayer", "..\DaraAccessLayer\DataAccessLayer.csproj", "{08BE4EED-C156-4D92-9E61-4D07931AC55E}"
EndProject
Global
	GlobalSection(SolutionConfigurationPlatforms) = preSolution
		Debug|Any CPU = Debug|Any CPU
		Release|Any CPU = Release|Any CPU
	EndGlobalSection
	GlobalSection(ProjectConfigurationPlatforms) = postSolution
		{B4F2A931-61B5-4361-9A92-DA791070575E}.Debug|Any CPU.ActiveCfg = Debug|Any CPU
		{B4F2A931-61B5-4361-9A92-DA791070575E}.Debug|Any CPU.Build.0 = Debug|Any CPU
		{B4F2A931-61B5-4361-9A92-DA791070575E}.Release|Any CPU.ActiveCfg = Release|Any CPU
		{B4F2A931-61B5-4361-9A92-DA791070575E}.Release|Any CPU.Build.0 = Release|Any CPU
		{08BE4EED-C156-4D92-9E61-4D07931AC55E}.Debug|Any CPU.ActiveCfg = Debug|Any CPU
		{08BE4EED-C156-4D92-9E61-4D07931AC55E}.Debug|Any CPU.Build.0 = Debug|Any CPU
		{08BE4EED-C156-4D92-9E61-4D07931AC55E}.Release|Any CPU.ActiveCfg = Release|Any CPU
		{08BE4EED-C156-4D92-9E61-4D07931AC55E}.Release|Any CPU.Build.0 = Release|Any CPU
	EndGlobalSection
	GlobalSection(SolutionProperties) = preSolution
		HideSolutionNode = FALSE
	EndGlobalSection
	GlobalSection(ExtensibilityGlobals) = postSolution
		SolutionGuid = {6C5E0247-5D39-44B8-8310-5278E0E69600}
	EndGlobalSection
EndGlobal
